
Microsoft Visual Studio Solution File, Format Version 12.00
# Visual Studio 15
VisualStudioVersion = 15.0.28307.757
MinimumVisualStudioVersion = 10.0.40219.1
Project("{FAE04EC0-301F-11D3-BF4B-00C04F79EFBC}") = "ArchestrALogReader", "ArchestrALogReader\ArchestrALogReader.csproj", "{CABDA205-F052-496C-A13B-F4C8556AB743}"
EndProject
Project("{FAE04EC0-301F-11D3-BF4B-00C04F79EFBC}") = "ConsoleApp1", "..\ConsoleApp1\ConsoleApp1.csproj", "{C8F5782C-06EA-498C-A54B-9AB28DCBEB70}"
EndProject
Global
	GlobalSection(SolutionConfigurationPlatforms) = preSolution
		Debug|Any CPU = Debug|Any CPU
		Release|Any CPU = Release|Any CPU
	EndGlobalSection
	GlobalSection(ProjectConfigurationPlatforms) = postSolution
		{CABDA205-F052-496C-A13B-F4C8556AB743}.Debug|Any CPU.ActiveCfg = Debug|Any CPU
		{CABDA205-F052-496C-A13B-F4C8556AB743}.Debug|Any CPU.Build.0 = Debug|Any CPU
		{CABDA205-F052-496C-A13B-F4C8556AB743}.Release|Any CPU.ActiveCfg = Release|Any CPU
		{CABDA205-F052-496C-A13B-F4C8556AB743}.Release|Any CPU.Build.0 = Release|Any CPU
		{C8F5782C-06EA-498C-A54B-9AB28DCBEB70}.Debug|Any CPU.ActiveCfg = Debug|Any CPU
		{C8F5782C-06EA-498C-A54B-9AB28DCBEB70}.Debug|Any CPU.Build.0 = Debug|Any CPU
		{C8F5782C-06EA-498C-A54B-9AB28DCBEB70}.Release|Any CPU.ActiveCfg = Release|Any CPU
		{C8F5782C-06EA-498C-A54B-9AB28DCBEB70}.Release|Any CPU.Build.0 = Release|Any CPU
	EndGlobalSection
	GlobalSection(SolutionProperties) = preSolution
		HideSolutionNode = FALSE
	EndGlobalSection
	GlobalSection(ExtensibilityGlobals) = postSolution
		SolutionGuid = {789AD8BD-3649-46BE-A4CD-31C557E15E22}
	EndGlobalSection
EndGlobal
